// !$*UTF8*$!
{
	archiveVersion = 1;
	classes = {
	};
	objectVersion = 50;
	objects = {

/* Begin PBXBuildFile section */
		C9394B5825572D77002AA22A /* AppDelegate.swift in Sources */ = {isa = PBXBuildFile; fileRef = C9394B5725572D77002AA22A /* AppDelegate.swift */; };
		C9394B5A25572D77002AA22A /* SceneDelegate.swift in Sources */ = {isa = PBXBuildFile; fileRef = C9394B5925572D77002AA22A /* SceneDelegate.swift */; };
		C9394B5C25572D77002AA22A /* ViewController.swift in Sources */ = {isa = PBXBuildFile; fileRef = C9394B5B25572D77002AA22A /* ViewController.swift */; };
		C9394B5F25572D77002AA22A /* Main.storyboard in Resources */ = {isa = PBXBuildFile; fileRef = C9394B5D25572D77002AA22A /* Main.storyboard */; };
		C9394B6225572D78002AA22A /* Tic_Tac_Toe.xcdatamodeld in Sources */ = {isa = PBXBuildFile; fileRef = C9394B6025572D78002AA22A /* Tic_Tac_Toe.xcdatamodeld */; };
		C9394B6425572D7B002AA22A /* Assets.xcassets in Resources */ = {isa = PBXBuildFile; fileRef = C9394B6325572D7B002AA22A /* Assets.xcassets */; };
		C9394B6725572D7B002AA22A /* LaunchScreen.storyboard in Resources */ = {isa = PBXBuildFile; fileRef = C9394B6525572D7B002AA22A /* LaunchScreen.storyboard */; };
		C9394B7225572FBF002AA22A /* Nought.png in Resources */ = {isa = PBXBuildFile; fileRef = C9394B6F25572FBF002AA22A /* Nought.png */; };
		C9394B7325572FBF002AA22A /* Cross.png in Resources */ = {isa = PBXBuildFile; fileRef = C9394B7025572FBF002AA22A /* Cross.png */; };
		C9394B7425572FBF002AA22A /* Board.png in Resources */ = {isa = PBXBuildFile; fileRef = C9394B7125572FBF002AA22A /* Board.png */; };
/* End PBXBuildFile section */

/* Begin PBXFileReference section */
		C9394B5425572D77002AA22A /* Tic Tac Toe.app */ = {isa = PBXFileReference; explicitFileType = wrapper.application; includeInIndex = 0; path = "Tic Tac Toe.app"; sourceTree = BUILT_PRODUCTS_DIR; };
		C9394B5725572D77002AA22A /* AppDelegate.swift */ = {isa = PBXFileReference; lastKnownFileType = sourcecode.swift; path = AppDelegate.swift; sourceTree = "<group>"; };
		C9394B5925572D77002AA22A /* SceneDelegate.swift */ = {isa = PBXFileReference; lastKnownFileType = sourcecode.swift; path = SceneDelegate.swift; sourceTree = "<group>"; };
		C9394B5B25572D77002AA22A /* ViewController.swift */ = {isa = PBXFileReference; lastKnownFileType = sourcecode.swift; path = ViewController.swift; sourceTree = "<group>"; };
		C9394B5E25572D77002AA22A /* Base */ = {isa = PBXFileReference; lastKnownFileType = file.storyboard; name = Base; path = Base.lproj/Main.storyboard; sourceTree = "<group>"; };
		C9394B6125572D78002AA22A /* Tic_Tac_Toe.xcdatamodel */ = {isa = PBXFileReference; lastKnownFileType = wrapper.xcdatamodel; path = Tic_Tac_Toe.xcdatamodel; sourceTree = "<group>"; };
		C9394B6325572D7B002AA22A /* Assets.xcassets */ = {isa = PBXFileReference; lastKnownFileType = folder.assetcatalog; path = Assets.xcassets; sourceTree = "<group>"; };
		C9394B6625572D7B002AA22A /* Base */ = {isa = PBXFileReference; lastKnownFileType = file.storyboard; name = Base; path = Base.lproj/LaunchScreen.storyboard; sourceTree = "<group>"; };
		C9394B6825572D7B002AA22A /* Info.plist */ = {isa = PBXFileReference; lastKnownFileType = text.plist.xml; path = Info.plist; sourceTree = "<group>"; };
		C9394B6F25572FBF002AA22A /* Nought.png */ = {isa = PBXFileReference; lastKnownFileType = image.png; path = Nought.png; sourceTree = "<group>"; };
		C9394B7025572FBF002AA22A /* Cross.png */ = {isa = PBXFileReference; lastKnownFileType = image.png; path = Cross.png; sourceTree = "<group>"; };
		C9394B7125572FBF002AA22A /* Board.png */ = {isa = PBXFileReference; lastKnownFileType = image.png; path = Board.png; sourceTree = "<group>"; };
/* End PBXFileReference section */

/* Begin PBXFrameworksBuildPhase section */
		C9394B5125572D77002AA22A /* Frameworks */ = {
			isa = PBXFrameworksBuildPhase;
			buildActionMask = 2147483647;
			files = (
			);
			runOnlyForDeploymentPostprocessing = 0;
		};
/* End PBXFrameworksBuildPhase section */

/* Begin PBXGroup section */
		C9394B4B25572D77002AA22A = {
			isa = PBXGroup;
			children = (
				C9394B5625572D77002AA22A /* Tic Tac Toe */,
				C9394B5525572D77002AA22A /* Products */,
			);
			sourceTree = "<group>";
		};
		C9394B5525572D77002AA22A /* Products */ = {
			isa = PBXGroup;
			children = (
				C9394B5425572D77002AA22A /* Tic Tac Toe.app */,
			);
			name = Products;
			sourceTree = "<group>";
		};
		C9394B5625572D77002AA22A /* Tic Tac Toe */ = {
			isa = PBXGroup;
			children = (
				C9394B5725572D77002AA22A /* AppDelegate.swift */,
				C9394B5925572D77002AA22A /* SceneDelegate.swift */,
				C9394B5B25572D77002AA22A /* ViewController.swift */,
				C9394B5D25572D77002AA22A /* Main.storyboard */,
				C9394B6325572D7B002AA22A /* Assets.xcassets */,
				C9394B6525572D7B002AA22A /* LaunchScreen.storyboard */,
				C9394B6825572D7B002AA22A /* Info.plist */,
				C9394B6025572D78002AA22A /* Tic_Tac_Toe.xcdatamodeld */,
				C9394B7125572FBF002AA22A /* Board.png */,
				C9394B7025572FBF002AA22A /* Cross.png */,
				C9394B6F25572FBF002AA22A /* Nought.png */,
			);
			path = "Tic Tac Toe";
			sourceTree = "<group>";
		};
/* End PBXGroup section */

/* Begin PBXNativeTarget section */
		C9394B5325572D77002AA22A /* Tic Tac Toe */ = {
			isa = PBXNativeTarget;
			buildConfigurationList = C9394B6B25572D7B002AA22A /* Build configuration list for PBXNativeTarget "Tic Tac Toe" */;
			buildPhases = (
				C9394B5025572D77002AA22A /* Sources */,
				C9394B5125572D77002AA22A /* Frameworks */,
				C9394B5225572D77002AA22A /* Resources */,
			);
			buildRules = (
			);
			dependencies = (
			);
			name = "Tic Tac Toe";
			productName = "Tic Tac Toe";
			productReference = C9394B5425572D77002AA22A /* Tic Tac Toe.app */;
			productType = "com.apple.product-type.application";
		};
/* End PBXNativeTarget section */

/* Begin PBXProject section */
		C9394B4C25572D77002AA22A /* Project object */ = {
			isa = PBXProject;
			attributes = {
				LastSwiftUpdateCheck = 1210;
				LastUpgradeCheck = 1210;
				TargetAttributes = {
					C9394B5325572D77002AA22A = {
						CreatedOnToolsVersion = 12.1;
					};
				};
			};
			buildConfigurationList = C9394B4F25572D77002AA22A /* Build configuration list for PBXProject "Tic Tac Toe" */;
			compatibilityVersion = "Xcode 9.3";
			developmentRegion = en;
			hasScannedForEncodings = 0;
			knownRegions = (
				en,
				Base,
			);
			mainGroup = C9394B4B25572D77002AA22A;
			productRefGroup = C9394B5525572D77002AA22A /* Products */;
			projectDirPath = "";
			projectRoot = "";
			targets = (
				C9394B5325572D77002AA22A /* Tic Tac Toe */,
			);
		};
/* End PBXProject section */

/* Begin PBXResourcesBuildPhase section */
		C9394B5225572D77002AA22A /* Resources */ = {
			isa = PBXResourcesBuildPhase;
			buildActionMask = 2147483647;
			files = (
				C9394B7425572FBF002AA22A /* Board.png in Resources */,
				C9394B6725572D7B002AA22A /* LaunchScreen.storyboard in Resources */,
				C9394B6425572D7B002AA22A /* Assets.xcassets in Resources */,
				C9394B7325572FBF002AA22A /* Cross.png in Resources */,
				C9394B7225572FBF002AA22A /* Nought.png in Resources */,
				C9394B5F25572D77002AA22A /* Main.storyboard in Resources */,
			);
			runOnlyForDeploymentPostprocessing = 0;
		};
/* End PBXResourcesBuildPhase section */

/* Begin PBXSourcesBuildPhase section */
		C9394B5025572D77002AA22A /* Sources */ = {
			isa = PBXSourcesBuildPhase;
			buildActionMask = 2147483647;
			files = (
				C9394B5C25572D77002AA22A /* ViewController.swift in Sources */,
				C9394B5825572D77002AA22A /* AppDelegate.swift in Sources */,
				C9394B6225572D78002AA22A /* Tic_Tac_Toe.xcdatamodeld in Sources */,
				C9394B5A25572D77002AA22A /* SceneDelegate.swift in Sources */,
			);
			runOnlyForDeploymentPostprocessing = 0;
		};
/* End PBXSourcesBuildPhase section */

/* Begin PBXVariantGroup section */
		C9394B5D25572D77002AA22A /* Main.storyboard */ = {
			isa = PBXVariantGroup;
			children = (
				C9394B5E25572D77002AA22A /* Base */,
			);
			name = Main.storyboard;
			sourceTree = "<group>";
		};
		C9394B6525572D7B002AA22A /* LaunchScreen.storyboard */ = {
			isa = PBXVariantGroup;
			children = (
				C9394B6625572D7B002AA22A /* Base */,
			);
			name = LaunchScreen.storyboard;
			sourceTree = "<group>";
		};
/* End PBXVariantGroup section */

/* Begin XCBuildConfiguration section */
		C9394B6925572D7B002AA22A /* Debug */ = {
			isa = XCBuildConfiguration;
			buildSettings = {
				ALWAYS_SEARCH_USER_PATHS = NO;
				CLANG_ANALYZER_NONNULL = YES;
				CLANG_ANALYZER_NUMBER_OBJECT_CONVERSION = YES_AGGRESSIVE;
				CLANG_CXX_LANGUAGE_STANDARD = "gnu++14";
				CLANG_CXX_LIBRARY = "libc++";
				CLANG_ENABLE_MODULES = YES;
				CLANG_ENABLE_OBJC_ARC = YES;
				CLANG_ENABLE_OBJC_WEAK = YES;
				CLANG_WARN_BLOCK_CAPTURE_AUTORELEASING = YES;
				CLANG_WARN_BOOL_CONVERSION = YES;
				CLANG_WARN_COMMA = YES;
				CLANG_WARN_CONSTANT_CONVERSION = YES;
				CLANG_WARN_DEPRECATED_OBJC_IMPLEMENTATIONS = YES;
				CLANG_WARN_DIRECT_OBJC_ISA_USAGE = YES_ERROR;
				CLANG_WARN_DOCUMENTATION_COMMENTS = YES;
				CLANG_WARN_EMPTY_BODY = YES;
				CLANG_WARN_ENUM_CONVERSION = YES;
				CLANG_WARN_INFINITE_RECURSION = YES;
				CLANG_WARN_INT_CONVERSION = YES;
				CLANG_WARN_NON_LITERAL_NULL_CONVERSION = YES;
				CLANG_WARN_OBJC_IMPLICIT_RETAIN_SELF = YES;
				CLANG_WARN_OBJC_LITERAL_CONVERSION = YES;
				CLANG_WARN_OBJC_ROOT_CLASS = YES_ERROR;
				CLANG_WARN_QUOTED_INCLUDE_IN_FRAMEWORK_HEADER = YES;
				CLANG_WARN_RANGE_LOOP_ANALYSIS = YES;
				CLANG_WARN_STRICT_PROTOTYPES = YES;
				CLANG_WARN_SUSPICIOUS_MOVE = YES;
				CLANG_WARN_UNGUARDED_AVAILABILITY = YES_AGGRESSIVE;
				CLANG_WARN_UNREACHABLE_CODE = YES;
				CLANG_WARN__DUPLICATE_METHOD_MATCH = YES;
				COPY_PHASE_STRIP = NO;
				DEBUG_INFORMATION_FORMAT = dwarf;
				ENABLE_STRICT_OBJC_MSGSEND = YES;
				ENABLE_TESTABILITY = YES;
				GCC_C_LANGUAGE_STANDARD = gnu11;
				GCC_DYNAMIC_NO_PIC = NO;
				GCC_NO_COMMON_BLOCKS = YES;
				GCC_OPTIMIZATION_LEVEL = 0;
				GCC_PREPROCESSOR_DEFINITIONS = (
					"DEBUG=1",
					"$(inherited)",
				);
				GCC_WARN_64_TO_32_BIT_CONVERSION = YES;
				GCC_WARN_ABOUT_RETURN_TYPE = YES_ERROR;
				GCC_WARN_UNDECLARED_SELECTOR = YES;
				GCC_WARN_UNINITIALIZED_AUTOS = YES_AGGRESSIVE;
				GCC_WARN_UNUSED_FUNCTION = YES;
				GCC_WARN_UNUSED_VARIABLE = YES;
				IPHONEOS_DEPLOYMENT_TARGET = 14.1;
				MTL_ENABLE_DEBUG_INFO = INCLUDE_SOURCE;
				MTL_FAST_MATH = YES;
				ONLY_ACTIVE_ARCH = YES;
				SDKROOT = iphoneos;
				SWIFT_ACTIVE_COMPILATION_CONDITIONS = DEBUG;
				SWIFT_OPTIMIZATION_LEVEL = "-Onone";
			};
			name = Debug;
		};
		C9394B6A25572D7B002AA22A /* Release */ = {
			isa = XCBuildConfiguration;
			buildSettings = {
				ALWAYS_SEARCH_USER_PATHS = NO;
				CLANG_ANALYZER_NONNULL = YES;
				CLANG_ANALYZER_NUMBER_OBJECT_CONVERSION = YES_AGGRESSIVE;
				CLANG_CXX_LANGUAGE_STANDARD = "gnu++14";
				CLANG_CXX_LIBRARY = "libc++";
				CLANG_ENABLE_MODULES = YES;
				CLANG_ENABLE_OBJC_ARC = YES;
				CLANG_ENABLE_OBJC_WEAK = YES;
				CLANG_WARN_BLOCK_CAPTURE_AUTORELEASING = YES;
				CLANG_WARN_BOOL_CONVERSION = YES;
				CLANG_WARN_COMMA = YES;
				CLANG_WARN_CONSTANT_CONVERSION = YES;
				CLANG_WARN_DEPRECATED_OBJC_IMPLEMENTATIONS = YES;
				CLANG_WARN_DIRECT_OBJC_ISA_USAGE = YES_ERROR;
				CLANG_WARN_DOCUMENTATION_COMMENTS = YES;
				CLANG_WARN_EMPTY_BODY = YES;
				CLANG_WARN_ENUM_CONVERSION = YES;
				CLANG_WARN_INFINITE_RECURSION = YES;
				CLANG_WARN_INT_CONVERSION = YES;
				CLANG_WARN_NON_LITERAL_NULL_CONVERSION = YES;
				CLANG_WARN_OBJC_IMPLICIT_RETAIN_SELF = YES;
				CLANG_WARN_OBJC_LITERAL_CONVERSION = YES;
				CLANG_WARN_OBJC_ROOT_CLASS = YES_ERROR;
				CLANG_WARN_QUOTED_INCLUDE_IN_FRAMEWORK_HEADER = YES;
				CLANG_WARN_RANGE_LOOP_ANALYSIS = YES;
				CLANG_WARN_STRICT_PROTOTYPES = YES;
				CLANG_WARN_SUSPICIOUS_MOVE = YES;
				CLANG_WARN_UNGUARDED_AVAILABILITY = YES_AGGRESSIVE;
				CLANG_WARN_UNREACHABLE_CODE = YES;
				CLANG_WARN__DUPLICATE_METHOD_MATCH = YES;
				COPY_PHASE_STRIP = NO;
				DEBUG_INFORMATION_FORMAT = "dwarf-with-dsym";
				ENABLE_NS_ASSERTIONS = NO;
				ENABLE_STRICT_OBJC_MSGSEND = YES;
				GCC_C_LANGUAGE_STANDARD = gnu11;
				GCC_NO_COMMON_BLOCKS = YES;
				GCC_WARN_64_TO_32_BIT_CONVERSION = YES;
				GCC_WARN_ABOUT_RETURN_TYPE = YES_ERROR;
				GCC_WARN_UNDECLARED_SELECTOR = YES;
				GCC_WARN_UNINITIALIZED_AUTOS = YES_AGGRESSIVE;
				GCC_WARN_UNUSED_FUNCTION = YES;
				GCC_WARN_UNUSED_VARIABLE = YES;
				IPHONEOS_DEPLOYMENT_TARGET = 14.1;
				MTL_ENABLE_DEBUG_INFO = NO;
				MTL_FAST_MATH = YES;
				SDKROOT = iphoneos;
				SWIFT_COMPILATION_MODE = wholemodule;
				SWIFT_OPTIMIZATION_LEVEL = "-O";
				VALIDATE_PRODUCT = YES;
			};
			name = Release;
		};
		C9394B6C25572D7B002AA22A /* Debug */ = {
			isa = XCBuildConfiguration;
			buildSettings = {
				ASSETCATALOG_COMPILER_APPICON_NAME = AppIcon;
				ASSETCATALOG_COMPILER_GLOBAL_ACCENT_COLOR_NAME = AccentColor;
				CODE_SIGN_STYLE = Automatic;
				DEVELOPMENT_TEAM = N2YY4BS9XP;
				INFOPLIST_FILE = "Tic Tac Toe/Info.plist";
				LD_RUNPATH_SEARCH_PATHS = (
					"$(inherited)",
					"@executable_path/Frameworks",
				);
				PRODUCT_BUNDLE_IDENTIFIER = "abcd.Tic-Tac-Toe";
				PRODUCT_NAME = "$(TARGET_NAME)";
				SWIFT_VERSION = 5.0;
				TARGETED_DEVICE_FAMILY = "1,2";
			};
			name = Debug;
		};
		C9394B6D25572D7B002AA22A /* Release */ = {
			isa = XCBuildConfiguration;
			buildSettings = {
				ASSETCATALOG_COMPILER_APPICON_NAME = AppIcon;
				ASSETCATALOG_COMPILER_GLOBAL_ACCENT_COLOR_NAME = AccentColor;
				CODE_SIGN_STYLE = Automatic;
				DEVELOPMENT_TEAM = N2YY4BS9XP;
				INFOPLIST_FILE = "Tic Tac Toe/Info.plist";
				LD_RUNPATH_SEARCH_PATHS = (
					"$(inherited)",
					"@executable_path/Frameworks",
				);
				PRODUCT_BUNDLE_IDENTIFIER = "abcd.Tic-Tac-Toe";
				PRODUCT_NAME = "$(TARGET_NAME)";
				SWIFT_VERSION = 5.0;
				TARGETED_DEVICE_FAMILY = "1,2";
			};
			name = Release;
		};
/* End XCBuildConfiguration section */

/* Begin XCConfigurationList section */
		C9394B4F25572D77002AA22A /* Build configuration list for PBXProject "Tic Tac Toe" */ = {
			isa = XCConfigurationList;
			buildConfigurations = (
				C9394B6925572D7B002AA22A /* Debug */,
				C9394B6A25572D7B002AA22A /* Release */,
			);
			defaultConfigurationIsVisible = 0;
			defaultConfigurationName = Release;
		};
		C9394B6B25572D7B002AA22A /* Build configuration list for PBXNativeTarget "Tic Tac Toe" */ = {
			isa = XCConfigurationList;
			buildConfigurations = (
				C9394B6C25572D7B002AA22A /* Debug */,
				C9394B6D25572D7B002AA22A /* Release */,
			);
			defaultConfigurationIsVisible = 0;
			defaultConfigurationName = Release;
		};
/* End XCConfigurationList section */

/* Begin XCVersionGroup section */
		C9394B6025572D78002AA22A /* Tic_Tac_Toe.xcdatamodeld */ = {
			isa = XCVersionGroup;
			children = (
				C9394B6125572D78002AA22A /* Tic_Tac_Toe.xcdatamodel */,
			);
			currentVersion = C9394B6125572D78002AA22A /* Tic_Tac_Toe.xcdatamodel */;
			path = Tic_Tac_Toe.xcdatamodeld;
			sourceTree = "<group>";
			versionGroupType = wrapper.xcdatamodel;
		};
/* End XCVersionGroup section */
	};
	rootObject = C9394B4C25572D77002AA22A /* Project object */;
}
